
Microsoft Visual Studio Solution File, Format Version 12.00
# Visual Studio 15
VisualStudioVersion = 15.0.27130.2024
MinimumVisualStudioVersion = 10.0.40219.1
Project("{FAE04EC0-301F-11D3-BF4B-00C04F79EFBC}") = "TDL-API", "TDL-API\TDL-API.csproj", "{96B01041-4938-49DE-8701-FEB1876D326D}"
EndProject
Project("{FAE04EC0-301F-11D3-BF4B-00C04F79EFBC}") = "TDL-WPF", "TDL-WPL\TDL-WPF.csproj", "{C9E1B761-50CB-4B0A-9D8C-81A21D729297}"
EndProject
Global
	GlobalSection(SolutionConfigurationPlatforms) = preSolution
		Debug|Any CPU = Debug|Any CPU
		Release|Any CPU = Release|Any CPU
	EndGlobalSection
	GlobalSection(ProjectConfigurationPlatforms) = postSolution
		{96B01041-4938-49DE-8701-FEB1876D326D}.Debug|Any CPU.ActiveCfg = Debug|Any CPU
		{96B01041-4938-49DE-8701-FEB1876D326D}.Debug|Any CPU.Build.0 = Debug|Any CPU
		{96B01041-4938-49DE-8701-FEB1876D326D}.Release|Any CPU.ActiveCfg = Release|Any CPU
		{96B01041-4938-49DE-8701-FEB1876D326D}.Release|Any CPU.Build.0 = Release|Any CPU
		{C9E1B761-50CB-4B0A-9D8C-81A21D729297}.Debug|Any CPU.ActiveCfg = Debug|Any CPU
		{C9E1B761-50CB-4B0A-9D8C-81A21D729297}.Debug|Any CPU.Build.0 = Debug|Any CPU
		{C9E1B761-50CB-4B0A-9D8C-81A21D729297}.Release|Any CPU.ActiveCfg = Release|Any CPU
		{C9E1B761-50CB-4B0A-9D8C-81A21D729297}.Release|Any CPU.Build.0 = Release|Any CPU
	EndGlobalSection
	GlobalSection(SolutionProperties) = preSolution
		HideSolutionNode = FALSE
	EndGlobalSection
	GlobalSection(ExtensibilityGlobals) = postSolution
		SolutionGuid = {68157A2E-13A6-48A6-9E5D-0F4D000E3054}
	EndGlobalSection
EndGlobal
